
Microsoft Visual Studio Solution File, Format Version 12.00
# Visual Studio Version 16
VisualStudioVersion = 16.0.30621.155
MinimumVisualStudioVersion = 10.0.40219.1
Project("{FAE04EC0-301F-11D3-BF4B-00C04F79EFBC}") = "MyStore.ConsoleView", "MyStore.ConsoleView\MyStore.ConsoleView.csproj", "{5D0AD077-9936-44C5-B976-AA19CEFF1922}"
EndProject
Project("{FAE04EC0-301F-11D3-BF4B-00C04F79EFBC}") = "MyStore.Store", "MyStore.Store\MyStore.Store.csproj", "{93F729D6-A46E-4E41-897A-53ECFF4231B0}"
EndProject
Project("{FAE04EC0-301F-11D3-BF4B-00C04F79EFBC}") = "MyStore.Store.Tests", "MyStore.Store.Tests\MyStore.Store.Tests.csproj", "{348CC0BB-719F-4311-A8B1-C97474045818}"
EndProject
Global
	GlobalSection(SolutionConfigurationPlatforms) = preSolution
		Debug|Any CPU = Debug|Any CPU
		Release|Any CPU = Release|Any CPU
	EndGlobalSection
	GlobalSection(ProjectConfigurationPlatforms) = postSolution
		{5D0AD077-9936-44C5-B976-AA19CEFF1922}.Debug|Any CPU.ActiveCfg = Debug|Any CPU
		{5D0AD077-9936-44C5-B976-AA19CEFF1922}.Debug|Any CPU.Build.0 = Debug|Any CPU
		{5D0AD077-9936-44C5-B976-AA19CEFF1922}.Release|Any CPU.ActiveCfg = Release|Any CPU
		{5D0AD077-9936-44C5-B976-AA19CEFF1922}.Release|Any CPU.Build.0 = Release|Any CPU
		{93F729D6-A46E-4E41-897A-53ECFF4231B0}.Debug|Any CPU.ActiveCfg = Debug|Any CPU
		{93F729D6-A46E-4E41-897A-53ECFF4231B0}.Debug|Any CPU.Build.0 = Debug|Any CPU
		{93F729D6-A46E-4E41-897A-53ECFF4231B0}.Release|Any CPU.ActiveCfg = Release|Any CPU
		{93F729D6-A46E-4E41-897A-53ECFF4231B0}.Release|Any CPU.Build.0 = Release|Any CPU
		{348CC0BB-719F-4311-A8B1-C97474045818}.Debug|Any CPU.ActiveCfg = Debug|Any CPU
		{348CC0BB-719F-4311-A8B1-C97474045818}.Debug|Any CPU.Build.0 = Debug|Any CPU
		{348CC0BB-719F-4311-A8B1-C97474045818}.Release|Any CPU.ActiveCfg = Release|Any CPU
		{348CC0BB-719F-4311-A8B1-C97474045818}.Release|Any CPU.Build.0 = Release|Any CPU
	EndGlobalSection
	GlobalSection(SolutionProperties) = preSolution
		HideSolutionNode = FALSE
	EndGlobalSection
	GlobalSection(ExtensibilityGlobals) = postSolution
		SolutionGuid = {45B90E75-4F8E-42DE-94EF-CC5D2E5622A9}
	EndGlobalSection
EndGlobal
